
Microsoft Visual Studio Solution File, Format Version 12.00
# Visual Studio Version 16
VisualStudioVersion = 16.0.30225.117
MinimumVisualStudioVersion = 10.0.40219.1
Project("{8BC9CEB8-8B4A-11D0-8D11-00A0C91BC942}") = "HBPC", "HBPC\HBPC.vcxproj", "{C5F80730-F44F-4478-BDAE-6634EFC2CA88}"
EndProject
Project("{8BC9CEB8-8B4A-11D0-8D11-00A0C91BC942}") = "SN74HC595", "SN74HC595\SN74HC595.vcxitems", "{B714A97E-CE10-484A-A873-93B019B6D131}"
EndProject
Project("{8BC9CEB8-8B4A-11D0-8D11-00A0C91BC942}") = "AT28C256", "AT28C256\AT28C256.vcxitems", "{85FC9F95-00D4-4F96-8989-F7C0527FEE59}"
EndProject
Project("{8BC9CEB8-8B4A-11D0-8D11-00A0C91BC942}") = "Utils", "Utils\Utils.vcxitems", "{F9CE42EA-D5C4-4F95-B127-8CF93EEDFD86}"
EndProject
Project("{8BC9CEB8-8B4A-11D0-8D11-00A0C91BC942}") = "HBCMD", "HBCMD\HBCMD.vcxproj", "{DD1FF39C-80D8-47D5-9C30-DBB4B568B560}"
EndProject
Global
	GlobalSection(SharedMSBuildProjectFiles) = preSolution
		AT28C256\AT28C256.vcxitems*{85fc9f95-00d4-4f96-8989-f7c0527fee59}*SharedItemsImports = 9
		SN74HC595\SN74HC595.vcxitems*{b714a97e-ce10-484a-a873-93b019b6d131}*SharedItemsImports = 9
		AT28C256\AT28C256.vcxitems*{c5f80730-f44f-4478-bdae-6634efc2ca88}*SharedItemsImports = 4
		SN74HC595\SN74HC595.vcxitems*{c5f80730-f44f-4478-bdae-6634efc2ca88}*SharedItemsImports = 4
		Utils\Utils.vcxitems*{c5f80730-f44f-4478-bdae-6634efc2ca88}*SharedItemsImports = 4
		Utils\Utils.vcxitems*{f9ce42ea-d5c4-4f95-b127-8cf93eedfd86}*SharedItemsImports = 9
	EndGlobalSection
	GlobalSection(SolutionConfigurationPlatforms) = preSolution
		Debug|x64 = Debug|x64
		Debug|x86 = Debug|x86
		Release|x64 = Release|x64
		Release|x86 = Release|x86
	EndGlobalSection
	GlobalSection(ProjectConfigurationPlatforms) = postSolution
		{C5F80730-F44F-4478-BDAE-6634EFC2CA88}.Debug|x64.ActiveCfg = Debug|Win32
		{C5F80730-F44F-4478-BDAE-6634EFC2CA88}.Debug|x86.ActiveCfg = Debug|Win32
		{C5F80730-F44F-4478-BDAE-6634EFC2CA88}.Debug|x86.Build.0 = Debug|Win32
		{C5F80730-F44F-4478-BDAE-6634EFC2CA88}.Release|x64.ActiveCfg = Release|Win32
		{C5F80730-F44F-4478-BDAE-6634EFC2CA88}.Release|x86.ActiveCfg = Release|Win32
		{C5F80730-F44F-4478-BDAE-6634EFC2CA88}.Release|x86.Build.0 = Release|Win32
		{DD1FF39C-80D8-47D5-9C30-DBB4B568B560}.Debug|x64.ActiveCfg = Debug|x64
		{DD1FF39C-80D8-47D5-9C30-DBB4B568B560}.Debug|x64.Build.0 = Debug|x64
		{DD1FF39C-80D8-47D5-9C30-DBB4B568B560}.Debug|x86.ActiveCfg = Debug|Win32
		{DD1FF39C-80D8-47D5-9C30-DBB4B568B560}.Debug|x86.Build.0 = Debug|Win32
		{DD1FF39C-80D8-47D5-9C30-DBB4B568B560}.Release|x64.ActiveCfg = Release|x64
		{DD1FF39C-80D8-47D5-9C30-DBB4B568B560}.Release|x64.Build.0 = Release|x64
		{DD1FF39C-80D8-47D5-9C30-DBB4B568B560}.Release|x86.ActiveCfg = Release|Win32
		{DD1FF39C-80D8-47D5-9C30-DBB4B568B560}.Release|x86.Build.0 = Release|Win32
	EndGlobalSection
	GlobalSection(SolutionProperties) = preSolution
		HideSolutionNode = FALSE
	EndGlobalSection
	GlobalSection(ExtensibilityGlobals) = postSolution
		SolutionGuid = {E25698BC-E400-4C93-B7FA-30B63BCFC425}
	EndGlobalSection
EndGlobal
